
Microsoft Visual Studio Solution File, Format Version 12.00
# Visual Studio 14
VisualStudioVersion = 14.0.23107.0
MinimumVisualStudioVersion = 10.0.40219.1
Project("{FAE04EC0-301F-11D3-BF4B-00C04F79EFBC}") = "Vaser", "Vaser\Vaser.csproj", "{18FBB9B5-1BFF-411E-ABCD-B08AAFEE2D0C}"
EndProject
Project("{FAE04EC0-301F-11D3-BF4B-00C04F79EFBC}") = "test_server", "test_server\test_server.csproj", "{8DDE94F0-4A9E-4BEF-972F-E9ABDFD087EF}"
	ProjectSection(ProjectDependencies) = postProject
		{18FBB9B5-1BFF-411E-ABCD-B08AAFEE2D0C} = {18FBB9B5-1BFF-411E-ABCD-B08AAFEE2D0C}
	EndProjectSection
EndProject
Project("{FAE04EC0-301F-11D3-BF4B-00C04F79EFBC}") = "test_client", "test_client\test_client.csproj", "{27774A7B-5288-4A9C-9612-F96B5BDA8750}"
	ProjectSection(ProjectDependencies) = postProject
		{18FBB9B5-1BFF-411E-ABCD-B08AAFEE2D0C} = {18FBB9B5-1BFF-411E-ABCD-B08AAFEE2D0C}
	EndProjectSection
EndProject
Project("{FAE04EC0-301F-11D3-BF4B-00C04F79EFBC}") = "test_client_benchmark", "test_client_benchmark\test_client_benchmark.csproj", "{84670431-6EB9-4821-B932-7AE0D1237654}"
	ProjectSection(ProjectDependencies) = postProject
		{18FBB9B5-1BFF-411E-ABCD-B08AAFEE2D0C} = {18FBB9B5-1BFF-411E-ABCD-B08AAFEE2D0C}
	EndProjectSection
EndProject
Project("{FAE04EC0-301F-11D3-BF4B-00C04F79EFBC}") = "test_server_benchmark", "test_server_benchmark\test_server_benchmark.csproj", "{5FA0D665-40B0-4CC6-B697-14D665186305}"
	ProjectSection(ProjectDependencies) = postProject
		{18FBB9B5-1BFF-411E-ABCD-B08AAFEE2D0C} = {18FBB9B5-1BFF-411E-ABCD-B08AAFEE2D0C}
	EndProjectSection
EndProject
Project("{FAE04EC0-301F-11D3-BF4B-00C04F79EFBC}") = "VaserUnitTest", "VaserUnitTest\VaserUnitTest.csproj", "{22E37FF6-C12D-4A13-A4C7-B240BA7385C2}"
EndProject
Global
	GlobalSection(SolutionConfigurationPlatforms) = preSolution
		Debug|Any CPU = Debug|Any CPU
		Release|Any CPU = Release|Any CPU
	EndGlobalSection
	GlobalSection(ProjectConfigurationPlatforms) = postSolution
		{18FBB9B5-1BFF-411E-ABCD-B08AAFEE2D0C}.Debug|Any CPU.ActiveCfg = Debug|Any CPU
		{18FBB9B5-1BFF-411E-ABCD-B08AAFEE2D0C}.Debug|Any CPU.Build.0 = Debug|Any CPU
		{18FBB9B5-1BFF-411E-ABCD-B08AAFEE2D0C}.Release|Any CPU.ActiveCfg = Release|Any CPU
		{18FBB9B5-1BFF-411E-ABCD-B08AAFEE2D0C}.Release|Any CPU.Build.0 = Release|Any CPU
		{8DDE94F0-4A9E-4BEF-972F-E9ABDFD087EF}.Debug|Any CPU.ActiveCfg = Debug|Any CPU
		{8DDE94F0-4A9E-4BEF-972F-E9ABDFD087EF}.Debug|Any CPU.Build.0 = Debug|Any CPU
		{8DDE94F0-4A9E-4BEF-972F-E9ABDFD087EF}.Release|Any CPU.ActiveCfg = Release|Any CPU
		{8DDE94F0-4A9E-4BEF-972F-E9ABDFD087EF}.Release|Any CPU.Build.0 = Release|Any CPU
		{27774A7B-5288-4A9C-9612-F96B5BDA8750}.Debug|Any CPU.ActiveCfg = Debug|Any CPU
		{27774A7B-5288-4A9C-9612-F96B5BDA8750}.Debug|Any CPU.Build.0 = Debug|Any CPU
		{27774A7B-5288-4A9C-9612-F96B5BDA8750}.Release|Any CPU.ActiveCfg = Release|Any CPU
		{27774A7B-5288-4A9C-9612-F96B5BDA8750}.Release|Any CPU.Build.0 = Release|Any CPU
		{84670431-6EB9-4821-B932-7AE0D1237654}.Debug|Any CPU.ActiveCfg = Debug|Any CPU
		{84670431-6EB9-4821-B932-7AE0D1237654}.Debug|Any CPU.Build.0 = Debug|Any CPU
		{84670431-6EB9-4821-B932-7AE0D1237654}.Release|Any CPU.ActiveCfg = Release|Any CPU
		{84670431-6EB9-4821-B932-7AE0D1237654}.Release|Any CPU.Build.0 = Release|Any CPU
		{5FA0D665-40B0-4CC6-B697-14D665186305}.Debug|Any CPU.ActiveCfg = Debug|Any CPU
		{5FA0D665-40B0-4CC6-B697-14D665186305}.Debug|Any CPU.Build.0 = Debug|Any CPU
		{5FA0D665-40B0-4CC6-B697-14D665186305}.Release|Any CPU.ActiveCfg = Release|Any CPU
		{5FA0D665-40B0-4CC6-B697-14D665186305}.Release|Any CPU.Build.0 = Release|Any CPU
		{22E37FF6-C12D-4A13-A4C7-B240BA7385C2}.Debug|Any CPU.ActiveCfg = Debug|Any CPU
		{22E37FF6-C12D-4A13-A4C7-B240BA7385C2}.Debug|Any CPU.Build.0 = Debug|Any CPU
		{22E37FF6-C12D-4A13-A4C7-B240BA7385C2}.Release|Any CPU.ActiveCfg = Release|Any CPU
		{22E37FF6-C12D-4A13-A4C7-B240BA7385C2}.Release|Any CPU.Build.0 = Release|Any CPU
	EndGlobalSection
	GlobalSection(SolutionProperties) = preSolution
		HideSolutionNode = FALSE
	EndGlobalSection
EndGlobal
